
Microsoft Visual Studio Solution File, Format Version 12.00
# Visual Studio 15
VisualStudioVersion = 15.0.28307.168
MinimumVisualStudioVersion = 10.0.40219.1
Project("{FAE04EC0-301F-11D3-BF4B-00C04F79EFBC}") = "ProjectEWS", "ProjectEWS\ProjectEWS.csproj", "{CF55837D-9B89-49FF-8E1E-8A73094C69B5}"
EndProject
Project("{FAE04EC0-301F-11D3-BF4B-00C04F79EFBC}") = "ProjectEWS.Entity", "ProjectEWS.Entity\ProjectEWS.Entity.csproj", "{A7E7967C-FEDD-4827-8ADA-9CBC966A89E9}"
EndProject
Project("{FAE04EC0-301F-11D3-BF4B-00C04F79EFBC}") = "ProjectEWS.Interface", "ProjectEWS.Interface\ProjectEWS.Interface.csproj", "{B22A7FE9-C123-4E7B-9FE5-098FCD6C48FD}"
EndProject
Project("{FAE04EC0-301F-11D3-BF4B-00C04F79EFBC}") = "ProjectEWS.Repository", "ProjectEWS.Repository\ProjectEWS.Repository.csproj", "{9B318F11-A768-40AE-A325-DD710A90B29F}"
EndProject
Project("{FAE04EC0-301F-11D3-BF4B-00C04F79EFBC}") = "ProjectEWS.UnitOfWork", "ProjectEWS.UnitOfWork\ProjectEWS.UnitOfWork.csproj", "{C63EDFEB-2D20-40B8-9C4D-D785CFB0174D}"
EndProject
Project("{FAE04EC0-301F-11D3-BF4B-00C04F79EFBC}") = "ProjectEWS.Service", "ProjectEWS.Service\ProjectEWS.Service.csproj", "{27588966-614F-45BF-95AC-0DA43FACDE83}"
EndProject
Global
	GlobalSection(SolutionConfigurationPlatforms) = preSolution
		Debug|Any CPU = Debug|Any CPU
		Release|Any CPU = Release|Any CPU
	EndGlobalSection
	GlobalSection(ProjectConfigurationPlatforms) = postSolution
		{CF55837D-9B89-49FF-8E1E-8A73094C69B5}.Debug|Any CPU.ActiveCfg = Debug|Any CPU
		{CF55837D-9B89-49FF-8E1E-8A73094C69B5}.Debug|Any CPU.Build.0 = Debug|Any CPU
		{CF55837D-9B89-49FF-8E1E-8A73094C69B5}.Release|Any CPU.ActiveCfg = Release|Any CPU
		{CF55837D-9B89-49FF-8E1E-8A73094C69B5}.Release|Any CPU.Build.0 = Release|Any CPU
		{A7E7967C-FEDD-4827-8ADA-9CBC966A89E9}.Debug|Any CPU.ActiveCfg = Debug|Any CPU
		{A7E7967C-FEDD-4827-8ADA-9CBC966A89E9}.Debug|Any CPU.Build.0 = Debug|Any CPU
		{A7E7967C-FEDD-4827-8ADA-9CBC966A89E9}.Release|Any CPU.ActiveCfg = Release|Any CPU
		{A7E7967C-FEDD-4827-8ADA-9CBC966A89E9}.Release|Any CPU.Build.0 = Release|Any CPU
		{B22A7FE9-C123-4E7B-9FE5-098FCD6C48FD}.Debug|Any CPU.ActiveCfg = Debug|Any CPU
		{B22A7FE9-C123-4E7B-9FE5-098FCD6C48FD}.Debug|Any CPU.Build.0 = Debug|Any CPU
		{B22A7FE9-C123-4E7B-9FE5-098FCD6C48FD}.Release|Any CPU.ActiveCfg = Release|Any CPU
		{B22A7FE9-C123-4E7B-9FE5-098FCD6C48FD}.Release|Any CPU.Build.0 = Release|Any CPU
		{9B318F11-A768-40AE-A325-DD710A90B29F}.Debug|Any CPU.ActiveCfg = Debug|Any CPU
		{9B318F11-A768-40AE-A325-DD710A90B29F}.Debug|Any CPU.Build.0 = Debug|Any CPU
		{9B318F11-A768-40AE-A325-DD710A90B29F}.Release|Any CPU.ActiveCfg = Release|Any CPU
		{9B318F11-A768-40AE-A325-DD710A90B29F}.Release|Any CPU.Build.0 = Release|Any CPU
		{C63EDFEB-2D20-40B8-9C4D-D785CFB0174D}.Debug|Any CPU.ActiveCfg = Debug|Any CPU
		{C63EDFEB-2D20-40B8-9C4D-D785CFB0174D}.Debug|Any CPU.Build.0 = Debug|Any CPU
		{C63EDFEB-2D20-40B8-9C4D-D785CFB0174D}.Release|Any CPU.ActiveCfg = Release|Any CPU
		{C63EDFEB-2D20-40B8-9C4D-D785CFB0174D}.Release|Any CPU.Build.0 = Release|Any CPU
		{27588966-614F-45BF-95AC-0DA43FACDE83}.Debug|Any CPU.ActiveCfg = Debug|Any CPU
		{27588966-614F-45BF-95AC-0DA43FACDE83}.Debug|Any CPU.Build.0 = Debug|Any CPU
		{27588966-614F-45BF-95AC-0DA43FACDE83}.Release|Any CPU.ActiveCfg = Release|Any CPU
		{27588966-614F-45BF-95AC-0DA43FACDE83}.Release|Any CPU.Build.0 = Release|Any CPU
	EndGlobalSection
	GlobalSection(SolutionProperties) = preSolution
		HideSolutionNode = FALSE
	EndGlobalSection
	GlobalSection(ExtensibilityGlobals) = postSolution
		SolutionGuid = {62B16E53-2859-4CF1-8529-B3CE269DB5FA}
	EndGlobalSection
EndGlobal
